
Microsoft Visual Studio Solution File, Format Version 12.00
Project("{FAE04EC0-301F-11D3-BF4B-00C04F79EFBC}") = "DotDart", "DotDart\DotDart.csproj", "{B4516C2C-FA31-4C43-8E2B-A934BBB32835}"
EndProject
Project("{FAE04EC0-301F-11D3-BF4B-00C04F79EFBC}") = "Tests", "Tests\Tests.csproj", "{88C4DB83-DB9E-47DF-9A33-BAAC216B9821}"
EndProject
Global
	GlobalSection(SolutionConfigurationPlatforms) = preSolution
		Debug|Any CPU = Debug|Any CPU
		Release|Any CPU = Release|Any CPU
	EndGlobalSection
	GlobalSection(ProjectConfigurationPlatforms) = postSolution
		{B4516C2C-FA31-4C43-8E2B-A934BBB32835}.Debug|Any CPU.ActiveCfg = Debug|Any CPU
		{B4516C2C-FA31-4C43-8E2B-A934BBB32835}.Debug|Any CPU.Build.0 = Debug|Any CPU
		{B4516C2C-FA31-4C43-8E2B-A934BBB32835}.Release|Any CPU.ActiveCfg = Release|Any CPU
		{B4516C2C-FA31-4C43-8E2B-A934BBB32835}.Release|Any CPU.Build.0 = Release|Any CPU
		{88C4DB83-DB9E-47DF-9A33-BAAC216B9821}.Debug|Any CPU.ActiveCfg = Debug|Any CPU
		{88C4DB83-DB9E-47DF-9A33-BAAC216B9821}.Debug|Any CPU.Build.0 = Debug|Any CPU
		{88C4DB83-DB9E-47DF-9A33-BAAC216B9821}.Release|Any CPU.ActiveCfg = Release|Any CPU
		{88C4DB83-DB9E-47DF-9A33-BAAC216B9821}.Release|Any CPU.Build.0 = Release|Any CPU
	EndGlobalSection
EndGlobal
